
Microsoft Visual Studio Solution File, Format Version 11.00
# Visual Studio 2010
Project("{FAE04EC0-301F-11D3-BF4B-00C04F79EFBC}") = "Assembly-CSharp", "Assembly-CSharp.csproj", "{6657bc63-b3d2-dece-88ba-9e0129dd9190}"
EndProject
Project("{FAE04EC0-301F-11D3-BF4B-00C04F79EFBC}") = "Assembly-CSharp-Editor", "Assembly-CSharp-Editor.csproj", "{c8111507-65c8-64df-64c5-7fcbfa6154b2}"
EndProject
Global
	GlobalSection(SolutionConfigurationPlatforms) = preSolution
		Debug|Any CPU = Debug|Any CPU
		Release|Any CPU = Release|Any CPU
	EndGlobalSection
	GlobalSection(ProjectConfigurationPlatforms) = postSolution
		{6657bc63-b3d2-dece-88ba-9e0129dd9190}.Debug|Any CPU.ActiveCfg = Debug|Any CPU
		{6657bc63-b3d2-dece-88ba-9e0129dd9190}.Debug|Any CPU.Build.0 = Debug|Any CPU
		{6657bc63-b3d2-dece-88ba-9e0129dd9190}.Release|Any CPU.ActiveCfg = Release|Any CPU
		{6657bc63-b3d2-dece-88ba-9e0129dd9190}.Release|Any CPU.Build.0 = Release|Any CPU
		{c8111507-65c8-64df-64c5-7fcbfa6154b2}.Debug|Any CPU.ActiveCfg = Debug|Any CPU
		{c8111507-65c8-64df-64c5-7fcbfa6154b2}.Debug|Any CPU.Build.0 = Debug|Any CPU
		{c8111507-65c8-64df-64c5-7fcbfa6154b2}.Release|Any CPU.ActiveCfg = Release|Any CPU
		{c8111507-65c8-64df-64c5-7fcbfa6154b2}.Release|Any CPU.Build.0 = Release|Any CPU
	EndGlobalSection
	GlobalSection(SolutionProperties) = preSolution
		HideSolutionNode = FALSE
	EndGlobalSection
EndGlobal
